
Microsoft Visual Studio Solution File, Format Version 12.00
# Visual Studio Version 17
VisualStudioVersion = 17.0.31919.166
MinimumVisualStudioVersion = 10.0.40219.1
Project("{FAE04EC0-301F-11D3-BF4B-00C04F79EFBC}") = "ShapekeyDynvarGenerator", "ShapekeyDynvarGenerator\ShapekeyDynvarGenerator.csproj", "{81A1ECE7-DB67-4636-9439-2FC5CF0DF462}"
EndProject
Global
	GlobalSection(SolutionConfigurationPlatforms) = preSolution
		Debug|Any CPU = Debug|Any CPU
		Release|Any CPU = Release|Any CPU
	EndGlobalSection
	GlobalSection(ProjectConfigurationPlatforms) = postSolution
		{81A1ECE7-DB67-4636-9439-2FC5CF0DF462}.Debug|Any CPU.ActiveCfg = Debug|Any CPU
		{81A1ECE7-DB67-4636-9439-2FC5CF0DF462}.Debug|Any CPU.Build.0 = Debug|Any CPU
		{81A1ECE7-DB67-4636-9439-2FC5CF0DF462}.Release|Any CPU.ActiveCfg = Release|Any CPU
		{81A1ECE7-DB67-4636-9439-2FC5CF0DF462}.Release|Any CPU.Build.0 = Release|Any CPU
	EndGlobalSection
	GlobalSection(SolutionProperties) = preSolution
		HideSolutionNode = FALSE
	EndGlobalSection
	GlobalSection(ExtensibilityGlobals) = postSolution
		SolutionGuid = {DABB5F99-5782-4899-9790-D22D7418A9C7}
	EndGlobalSection
EndGlobal
